
Microsoft Visual Studio Solution File, Format Version 12.00
# Visual Studio 15
Project("{FAE04EC0-301F-11D3-BF4B-00C04F79EFBC}") = "Assembly-CSharp", "Assembly-CSharp.csproj", "{CF632C4F-C688-FE69-D1DD-AF8FD1D13078}"
EndProject
Project("{FAE04EC0-301F-11D3-BF4B-00C04F79EFBC}") = "Assembly-CSharp-Editor", "Assembly-CSharp-Editor.csproj", "{DCF31C9E-E722-3E20-39C5-D20214718133}"
EndProject
Global
	GlobalSection(SolutionConfigurationPlatforms) = preSolution
		Debug|Any CPU = Debug|Any CPU
		Release|Any CPU = Release|Any CPU
	EndGlobalSection
	GlobalSection(ProjectConfigurationPlatforms) = postSolution
		{CF632C4F-C688-FE69-D1DD-AF8FD1D13078}.Debug|Any CPU.ActiveCfg = Debug|Any CPU
		{CF632C4F-C688-FE69-D1DD-AF8FD1D13078}.Debug|Any CPU.Build.0 = Debug|Any CPU
		{CF632C4F-C688-FE69-D1DD-AF8FD1D13078}.Release|Any CPU.ActiveCfg = Release|Any CPU
		{CF632C4F-C688-FE69-D1DD-AF8FD1D13078}.Release|Any CPU.Build.0 = Release|Any CPU
		{DCF31C9E-E722-3E20-39C5-D20214718133}.Debug|Any CPU.ActiveCfg = Debug|Any CPU
		{DCF31C9E-E722-3E20-39C5-D20214718133}.Debug|Any CPU.Build.0 = Debug|Any CPU
		{DCF31C9E-E722-3E20-39C5-D20214718133}.Release|Any CPU.ActiveCfg = Release|Any CPU
		{DCF31C9E-E722-3E20-39C5-D20214718133}.Release|Any CPU.Build.0 = Release|Any CPU
	EndGlobalSection
	GlobalSection(SolutionProperties) = preSolution
		HideSolutionNode = FALSE
	EndGlobalSection
EndGlobal
